{
  "object": {
    "pins": [
      {
        "package": "GLib",
        "repositoryURL": "https://github.com/rhx/SwiftGLib.git",
        "state": {
          "branch": "master",
          "revision": "d3a6574239561cf31dd2f8e287b253738d77b0a6",
          "version": null
        }
      },
      {
        "package": "GLibObject",
        "repositoryURL": "https://github.com/rhx/SwiftGObject.git",
        "state": {
          "branch": "master",
          "revision": "7b584215c9eea9b37fe48bc614507e202cd58175",
          "version": null
        }
      }
    ]
  },
  "version": 1
}
